
Microsoft Visual Studio Solution File, Format Version 12.00
# Visual Studio Version 16
VisualStudioVersion = 16.0.30611.23
MinimumVisualStudioVersion = 10.0.40219.1
Project("{FAE04EC0-301F-11D3-BF4B-00C04F79EFBC}") = "house_management", "house_management\house_management.csproj", "{4739AC9D-0431-4353-AAD0-B5F4C5E1ABBC}"
EndProject
Global
	GlobalSection(SolutionConfigurationPlatforms) = preSolution
		Debug|Any CPU = Debug|Any CPU
		Release|Any CPU = Release|Any CPU
	EndGlobalSection
	GlobalSection(ProjectConfigurationPlatforms) = postSolution
		{4739AC9D-0431-4353-AAD0-B5F4C5E1ABBC}.Debug|Any CPU.ActiveCfg = Debug|Any CPU
		{4739AC9D-0431-4353-AAD0-B5F4C5E1ABBC}.Debug|Any CPU.Build.0 = Debug|Any CPU
		{4739AC9D-0431-4353-AAD0-B5F4C5E1ABBC}.Release|Any CPU.ActiveCfg = Release|Any CPU
		{4739AC9D-0431-4353-AAD0-B5F4C5E1ABBC}.Release|Any CPU.Build.0 = Release|Any CPU
	EndGlobalSection
	GlobalSection(SolutionProperties) = preSolution
		HideSolutionNode = FALSE
	EndGlobalSection
	GlobalSection(ExtensibilityGlobals) = postSolution
		SolutionGuid = {DCAEA8E5-0705-45BD-AFB5-B84C45FCD05D}
	EndGlobalSection
EndGlobal
